
Microsoft Visual Studio Solution File, Format Version 11.00
# Visual Studio 2010
Project("{FAE04EC0-301F-11D3-BF4B-00C04F79EFBC}") = "travel", "travel\travel.csproj", "{09EFC284-7D0D-45E9-A14D-ADF7C9246B6A}"
EndProject
Project("{FAE04EC0-301F-11D3-BF4B-00C04F79EFBC}") = "travel.Tests", "travel.Tests\travel.Tests.csproj", "{11F6249F-3ED0-4AC3-AD03-FFCF236691CE}"
EndProject
Global
	GlobalSection(SolutionConfigurationPlatforms) = preSolution
		Debug|Any CPU = Debug|Any CPU
		Release|Any CPU = Release|Any CPU
	EndGlobalSection
	GlobalSection(ProjectConfigurationPlatforms) = postSolution
		{09EFC284-7D0D-45E9-A14D-ADF7C9246B6A}.Debug|Any CPU.ActiveCfg = Debug|Any CPU
		{09EFC284-7D0D-45E9-A14D-ADF7C9246B6A}.Debug|Any CPU.Build.0 = Debug|Any CPU
		{09EFC284-7D0D-45E9-A14D-ADF7C9246B6A}.Release|Any CPU.ActiveCfg = Release|Any CPU
		{09EFC284-7D0D-45E9-A14D-ADF7C9246B6A}.Release|Any CPU.Build.0 = Release|Any CPU
		{11F6249F-3ED0-4AC3-AD03-FFCF236691CE}.Debug|Any CPU.ActiveCfg = Debug|Any CPU
		{11F6249F-3ED0-4AC3-AD03-FFCF236691CE}.Debug|Any CPU.Build.0 = Debug|Any CPU
		{11F6249F-3ED0-4AC3-AD03-FFCF236691CE}.Release|Any CPU.ActiveCfg = Release|Any CPU
		{11F6249F-3ED0-4AC3-AD03-FFCF236691CE}.Release|Any CPU.Build.0 = Release|Any CPU
	EndGlobalSection
	GlobalSection(SolutionProperties) = preSolution
		HideSolutionNode = FALSE
	EndGlobalSection
EndGlobal
